
Microsoft Visual Studio Solution File, Format Version 12.00
# Visual Studio Version 16
VisualStudioVersion = 16.0.29503.13
MinimumVisualStudioVersion = 10.0.40219.1
Project("{FAE04EC0-301F-11D3-BF4B-00C04F79EFBC}") = "StudentServices", "Accounts\StudentServices.csproj", "{B0BC1544-3612-4FF3-9A56-C899F2F6F18E}"
EndProject
Project("{FAE04EC0-301F-11D3-BF4B-00C04F79EFBC}") = "StudentDataAccess", "StudentDataAccess\StudentDataAccess.csproj", "{35C267A7-B060-4415-A17F-DE813D8F2328}"
EndProject
Global
	GlobalSection(SolutionConfigurationPlatforms) = preSolution
		Debug|Any CPU = Debug|Any CPU
		Release|Any CPU = Release|Any CPU
	EndGlobalSection
	GlobalSection(ProjectConfigurationPlatforms) = postSolution
		{B0BC1544-3612-4FF3-9A56-C899F2F6F18E}.Debug|Any CPU.ActiveCfg = Debug|Any CPU
		{B0BC1544-3612-4FF3-9A56-C899F2F6F18E}.Debug|Any CPU.Build.0 = Debug|Any CPU
		{B0BC1544-3612-4FF3-9A56-C899F2F6F18E}.Release|Any CPU.ActiveCfg = Release|Any CPU
		{B0BC1544-3612-4FF3-9A56-C899F2F6F18E}.Release|Any CPU.Build.0 = Release|Any CPU
		{35C267A7-B060-4415-A17F-DE813D8F2328}.Debug|Any CPU.ActiveCfg = Debug|Any CPU
		{35C267A7-B060-4415-A17F-DE813D8F2328}.Debug|Any CPU.Build.0 = Debug|Any CPU
		{35C267A7-B060-4415-A17F-DE813D8F2328}.Release|Any CPU.ActiveCfg = Release|Any CPU
		{35C267A7-B060-4415-A17F-DE813D8F2328}.Release|Any CPU.Build.0 = Release|Any CPU
	EndGlobalSection
	GlobalSection(SolutionProperties) = preSolution
		HideSolutionNode = FALSE
	EndGlobalSection
	GlobalSection(ExtensibilityGlobals) = postSolution
		SolutionGuid = {3ED2870D-F129-4A4E-8D4C-2B1B532E7148}
	EndGlobalSection
EndGlobal
